
Microsoft Visual Studio Solution File, Format Version 12.00
# Visual Studio Version 17
VisualStudioVersion = 17.7.33808.371
MinimumVisualStudioVersion = 10.0.40219.1
Project("{FAE04EC0-301F-11D3-BF4B-00C04F79EFBC}") = "Test.WeatherForecast.API", "Test.WeatherForecast.API\Test.WeatherForecast.API.csproj", "{CE1BD5B4-6829-4CB1-AF50-309EC01FD415}"
EndProject
Global
	GlobalSection(SolutionConfigurationPlatforms) = preSolution
		Debug|Any CPU = Debug|Any CPU
		Release|Any CPU = Release|Any CPU
	EndGlobalSection
	GlobalSection(ProjectConfigurationPlatforms) = postSolution
		{CE1BD5B4-6829-4CB1-AF50-309EC01FD415}.Debug|Any CPU.ActiveCfg = Debug|Any CPU
		{CE1BD5B4-6829-4CB1-AF50-309EC01FD415}.Debug|Any CPU.Build.0 = Debug|Any CPU
		{CE1BD5B4-6829-4CB1-AF50-309EC01FD415}.Release|Any CPU.ActiveCfg = Release|Any CPU
		{CE1BD5B4-6829-4CB1-AF50-309EC01FD415}.Release|Any CPU.Build.0 = Release|Any CPU
	EndGlobalSection
	GlobalSection(SolutionProperties) = preSolution
		HideSolutionNode = FALSE
	EndGlobalSection
	GlobalSection(ExtensibilityGlobals) = postSolution
		SolutionGuid = {43D7C2CF-585B-46CD-BBDF-C94F602B11F6}
	EndGlobalSection
EndGlobal
